
Microsoft Visual Studio Solution File, Format Version 12.00
# Visual Studio 15
VisualStudioVersion = 15.0.28010.2026
MinimumVisualStudioVersion = 10.0.40219.1
Project("{F184B08F-C81C-45F6-A57F-5ABD9991F28F}") = "ConsoleApp", "ConsoleApp\ConsoleApp.vbproj", "{86B29A9C-2C05-4402-B85F-CE060C8D4E9E}"
EndProject
Global
	GlobalSection(SolutionConfigurationPlatforms) = preSolution
		Debug|Any CPU = Debug|Any CPU
		Release|Any CPU = Release|Any CPU
	EndGlobalSection
	GlobalSection(ProjectConfigurationPlatforms) = postSolution
		{86B29A9C-2C05-4402-B85F-CE060C8D4E9E}.Debug|Any CPU.ActiveCfg = Debug|Any CPU
		{86B29A9C-2C05-4402-B85F-CE060C8D4E9E}.Debug|Any CPU.Build.0 = Debug|Any CPU
		{86B29A9C-2C05-4402-B85F-CE060C8D4E9E}.Release|Any CPU.ActiveCfg = Release|Any CPU
		{86B29A9C-2C05-4402-B85F-CE060C8D4E9E}.Release|Any CPU.Build.0 = Release|Any CPU
	EndGlobalSection
	GlobalSection(SolutionProperties) = preSolution
		HideSolutionNode = FALSE
	EndGlobalSection
	GlobalSection(ExtensibilityGlobals) = postSolution
		SolutionGuid = {4A2A0B3C-EB8F-4272-9FA6-4CA72256016F}
	EndGlobalSection
EndGlobal
